// !$*UTF8*$!
{
	archiveVersion = 1;
	classes = {
	};
	objectVersion = 46;
	objects = {

/* Begin PBXBuildFile section */
		8F4D781E1B78781200B25A6B /* main.m in Sources */ = {isa = PBXBuildFile; fileRef = 8F4D781D1B78781200B25A6B /* main.m */; };
		8F4D78211B78781200B25A6B /* AppDelegate.m in Sources */ = {isa = PBXBuildFile; fileRef = 8F4D78201B78781200B25A6B /* AppDelegate.m */; };
		8F4D78241B78781200B25A6B /* ViewController.m in Sources */ = {isa = PBXBuildFile; fileRef = 8F4D78231B78781200B25A6B /* ViewController.m */; };
		8F4D78271B78781200B25A6B /* Main.storyboard in Resources */ = {isa = PBXBuildFile; fileRef = 8F4D78251B78781200B25A6B /* Main.storyboard */; };
		8F4D78291B78781200B25A6B /* Images.xcassets in Resources */ = {isa = PBXBuildFile; fileRef = 8F4D78281B78781200B25A6B /* Images.xcassets */; };
		8F4D782C1B78781200B25A6B /* LaunchScreen.xib in Resources */ = {isa = PBXBuildFile; fileRef = 8F4D782A1B78781200B25A6B /* LaunchScreen.xib */; };
		8F4D78381B78781200B25A6B /* weatherTests.m in Sources */ = {isa = PBXBuildFile; fileRef = 8F4D78371B78781200B25A6B /* weatherTests.m */; };
		8F4D78421B787BF300B25A6B /* CoreLocation.framework in Frameworks */ = {isa = PBXBuildFile; fileRef = 8F4D78411B787BF300B25A6B /* CoreLocation.framework */; };
		8F4D78451B788F4800B25A6B /* WeatherAPI.m in Sources */ = {isa = PBXBuildFile; fileRef = 8F4D78441B788F4800B25A6B /* WeatherAPI.m */; };
/* End PBXBuildFile section */

/* Begin PBXContainerItemProxy section */
		8F4D78321B78781200B25A6B /* PBXContainerItemProxy */ = {
			isa = PBXContainerItemProxy;
			containerPortal = 8F4D78101B78781100B25A6B /* Project object */;
			proxyType = 1;
			remoteGlobalIDString = 8F4D78171B78781100B25A6B;
			remoteInfo = weather;
		};
/* End PBXContainerItemProxy section */

/* Begin PBXFileReference section */
		8F4D78181B78781200B25A6B /* weather.app */ = {isa = PBXFileReference; explicitFileType = wrapper.application; includeInIndex = 0; path = weather.app; sourceTree = BUILT_PRODUCTS_DIR; };
		8F4D781C1B78781200B25A6B /* Info.plist */ = {isa = PBXFileReference; lastKnownFileType = text.plist.xml; path = Info.plist; sourceTree = "<group>"; };
		8F4D781D1B78781200B25A6B /* main.m */ = {isa = PBXFileReference; lastKnownFileType = sourcecode.c.objc; path = main.m; sourceTree = "<group>"; };
		8F4D781F1B78781200B25A6B /* AppDelegate.h */ = {isa = PBXFileReference; lastKnownFileType = sourcecode.c.h; path = AppDelegate.h; sourceTree = "<group>"; };
		8F4D78201B78781200B25A6B /* AppDelegate.m */ = {isa = PBXFileReference; lastKnownFileType = sourcecode.c.objc; path = AppDelegate.m; sourceTree = "<group>"; };
		8F4D78221B78781200B25A6B /* ViewController.h */ = {isa = PBXFileReference; lastKnownFileType = sourcecode.c.h; path = ViewController.h; sourceTree = "<group>"; };
		8F4D78231B78781200B25A6B /* ViewController.m */ = {isa = PBXFileReference; lastKnownFileType = sourcecode.c.objc; path = ViewController.m; sourceTree = "<group>"; };
		8F4D78261B78781200B25A6B /* Base */ = {isa = PBXFileReference; lastKnownFileType = file.storyboard; name = Base; path = Base.lproj/Main.storyboard; sourceTree = "<group>"; };
		8F4D78281B78781200B25A6B /* Images.xcassets */ = {isa = PBXFileReference; lastKnownFileType = folder.assetcatalog; path = Images.xcassets; sourceTree = "<group>"; };
		8F4D782B1B78781200B25A6B /* Base */ = {isa = PBXFileReference; lastKnownFileType = file.xib; name = Base; path = Base.lproj/LaunchScreen.xib; sourceTree = "<group>"; };
		8F4D78311B78781200B25A6B /* weatherTests.xctest */ = {isa = PBXFileReference; explicitFileType = wrapper.cfbundle; includeInIndex = 0; path = weatherTests.xctest; sourceTree = BUILT_PRODUCTS_DIR; };
		8F4D78361B78781200B25A6B /* Info.plist */ = {isa = PBXFileReference; lastKnownFileType = text.plist.xml; path = Info.plist; sourceTree = "<group>"; };
		8F4D78371B78781200B25A6B /* weatherTests.m */ = {isa = PBXFileReference; lastKnownFileType = sourcecode.c.objc; path = weatherTests.m; sourceTree = "<group>"; };
		8F4D78411B787BF300B25A6B /* CoreLocation.framework */ = {isa = PBXFileReference; lastKnownFileType = wrapper.framework; name = CoreLocation.framework; path = System/Library/Frameworks/CoreLocation.framework; sourceTree = SDKROOT; };
		8F4D78431B788F4800B25A6B /* WeatherAPI.h */ = {isa = PBXFileReference; fileEncoding = 4; lastKnownFileType = sourcecode.c.h; path = WeatherAPI.h; sourceTree = "<group>"; };
		8F4D78441B788F4800B25A6B /* WeatherAPI.m */ = {isa = PBXFileReference; fileEncoding = 4; lastKnownFileType = sourcecode.c.objc; path = WeatherAPI.m; sourceTree = "<group>"; };
/* End PBXFileReference section */

/* Begin PBXFrameworksBuildPhase section */
		8F4D78151B78781100B25A6B /* Frameworks */ = {
			isa = PBXFrameworksBuildPhase;
			buildActionMask = 2147483647;
			files = (
				8F4D78421B787BF300B25A6B /* CoreLocation.framework in Frameworks */,
			);
			runOnlyForDeploymentPostprocessing = 0;
		};
		8F4D782E1B78781200B25A6B /* Frameworks */ = {
			isa = PBXFrameworksBuildPhase;
			buildActionMask = 2147483647;
			files = (
			);
			runOnlyForDeploymentPostprocessing = 0;
		};
/* End PBXFrameworksBuildPhase section */

/* Begin PBXGroup section */
		8F4D780F1B78781100B25A6B = {
			isa = PBXGroup;
			children = (
				8F4D78411B787BF300B25A6B /* CoreLocation.framework */,
				8F4D781A1B78781200B25A6B /* weather */,
				8F4D78341B78781200B25A6B /* weatherTests */,
				8F4D78191B78781200B25A6B /* Products */,
			);
			sourceTree = "<group>";
		};
		8F4D78191B78781200B25A6B /* Products */ = {
			isa = PBXGroup;
			children = (
				8F4D78181B78781200B25A6B /* weather.app */,
				8F4D78311B78781200B25A6B /* weatherTests.xctest */,
			);
			name = Products;
			sourceTree = "<group>";
		};
		8F4D781A1B78781200B25A6B /* weather */ = {
			isa = PBXGroup;
			children = (
				8F4D781F1B78781200B25A6B /* AppDelegate.h */,
				8F4D78431B788F4800B25A6B /* WeatherAPI.h */,
				8F4D78441B788F4800B25A6B /* WeatherAPI.m */,
				8F4D78201B78781200B25A6B /* AppDelegate.m */,
				8F4D78221B78781200B25A6B /* ViewController.h */,
				8F4D78231B78781200B25A6B /* ViewController.m */,
				8F4D78251B78781200B25A6B /* Main.storyboard */,
				8F4D78281B78781200B25A6B /* Images.xcassets */,
				8F4D782A1B78781200B25A6B /* LaunchScreen.xib */,
				8F4D781B1B78781200B25A6B /* Supporting Files */,
			);
			path = weather;
			sourceTree = "<group>";
		};
		8F4D781B1B78781200B25A6B /* Supporting Files */ = {
			isa = PBXGroup;
			children = (
				8F4D781C1B78781200B25A6B /* Info.plist */,
				8F4D781D1B78781200B25A6B /* main.m */,
			);
			name = "Supporting Files";
			sourceTree = "<group>";
		};
		8F4D78341B78781200B25A6B /* weatherTests */ = {
			isa = PBXGroup;
			children = (
				8F4D78371B78781200B25A6B /* weatherTests.m */,
				8F4D78351B78781200B25A6B /* Supporting Files */,
			);
			path = weatherTests;
			sourceTree = "<group>";
		};
		8F4D78351B78781200B25A6B /* Supporting Files */ = {
			isa = PBXGroup;
			children = (
				8F4D78361B78781200B25A6B /* Info.plist */,
			);
			name = "Supporting Files";
			sourceTree = "<group>";
		};
/* End PBXGroup section */

/* Begin PBXNativeTarget section */
		8F4D78171B78781100B25A6B /* weather */ = {
			isa = PBXNativeTarget;
			buildConfigurationList = 8F4D783B1B78781200B25A6B /* Build configuration list for PBXNativeTarget "weather" */;
			buildPhases = (
				8F4D78141B78781100B25A6B /* Sources */,
				8F4D78151B78781100B25A6B /* Frameworks */,
				8F4D78161B78781100B25A6B /* Resources */,
			);
			buildRules = (
			);
			dependencies = (
			);
			name = weather;
			productName = weather;
			productReference = 8F4D78181B78781200B25A6B /* weather.app */;
			productType = "com.apple.product-type.application";
		};
		8F4D78301B78781200B25A6B /* weatherTests */ = {
			isa = PBXNativeTarget;
			buildConfigurationList = 8F4D783E1B78781200B25A6B /* Build configuration list for PBXNativeTarget "weatherTests" */;
			buildPhases = (
				8F4D782D1B78781200B25A6B /* Sources */,
				8F4D782E1B78781200B25A6B /* Frameworks */,
				8F4D782F1B78781200B25A6B /* Resources */,
			);
			buildRules = (
			);
			dependencies = (
				8F4D78331B78781200B25A6B /* PBXTargetDependency */,
			);
			name = weatherTests;
			productName = weatherTests;
			productReference = 8F4D78311B78781200B25A6B /* weatherTests.xctest */;
			productType = "com.apple.product-type.bundle.unit-test";
		};
/* End PBXNativeTarget section */

/* Begin PBXProject section */
		8F4D78101B78781100B25A6B /* Project object */ = {
			isa = PBXProject;
			attributes = {
				LastUpgradeCheck = 0640;
				ORGANIZATIONNAME = ROKOLabs;
				TargetAttributes = {
					8F4D78171B78781100B25A6B = {
						CreatedOnToolsVersion = 6.4;
					};
					8F4D78301B78781200B25A6B = {
						CreatedOnToolsVersion = 6.4;
						TestTargetID = 8F4D78171B78781100B25A6B;
					};
				};
			};
			buildConfigurationList = 8F4D78131B78781100B25A6B /* Build configuration list for PBXProject "weather" */;
			compatibilityVersion = "Xcode 3.2";
			developmentRegion = English;
			hasScannedForEncodings = 0;
			knownRegions = (
				en,
				Base,
			);
			mainGroup = 8F4D780F1B78781100B25A6B;
			productRefGroup = 8F4D78191B78781200B25A6B /* Products */;
			projectDirPath = "";
			projectRoot = "";
			targets = (
				8F4D78171B78781100B25A6B /* weather */,
				8F4D78301B78781200B25A6B /* weatherTests */,
			);
		};
/* End PBXProject section */

/* Begin PBXResourcesBuildPhase section */
		8F4D78161B78781100B25A6B /* Resources */ = {
			isa = PBXResourcesBuildPhase;
			buildActionMask = 2147483647;
			files = (
				8F4D78271B78781200B25A6B /* Main.storyboard in Resources */,
				8F4D782C1B78781200B25A6B /* LaunchScreen.xib in Resources */,
				8F4D78291B78781200B25A6B /* Images.xcassets in Resources */,
			);
			runOnlyForDeploymentPostprocessing = 0;
		};
		8F4D782F1B78781200B25A6B /* Resources */ = {
			isa = PBXResourcesBuildPhase;
			buildActionMask = 2147483647;
			files = (
			);
			runOnlyForDeploymentPostprocessing = 0;
		};
/* End PBXResourcesBuildPhase section */

/* Begin PBXSourcesBuildPhase section */
		8F4D78141B78781100B25A6B /* Sources */ = {
			isa = PBXSourcesBuildPhase;
			buildActionMask = 2147483647;
			files = (
				8F4D78241B78781200B25A6B /* ViewController.m in Sources */,
				8F4D78451B788F4800B25A6B /* WeatherAPI.m in Sources */,
				8F4D78211B78781200B25A6B /* AppDelegate.m in Sources */,
				8F4D781E1B78781200B25A6B /* main.m in Sources */,
			);
			runOnlyForDeploymentPostprocessing = 0;
		};
		8F4D782D1B78781200B25A6B /* Sources */ = {
			isa = PBXSourcesBuildPhase;
			buildActionMask = 2147483647;
			files = (
				8F4D78381B78781200B25A6B /* weatherTests.m in Sources */,
			);
			runOnlyForDeploymentPostprocessing = 0;
		};
/* End PBXSourcesBuildPhase section */

/* Begin PBXTargetDependency section */
		8F4D78331B78781200B25A6B /* PBXTargetDependency */ = {
			isa = PBXTargetDependency;
			target = 8F4D78171B78781100B25A6B /* weather */;
			targetProxy = 8F4D78321B78781200B25A6B /* PBXContainerItemProxy */;
		};
/* End PBXTargetDependency section */

/* Begin PBXVariantGroup section */
		8F4D78251B78781200B25A6B /* Main.storyboard */ = {
			isa = PBXVariantGroup;
			children = (
				8F4D78261B78781200B25A6B /* Base */,
			);
			name = Main.storyboard;
			sourceTree = "<group>";
		};
		8F4D782A1B78781200B25A6B /* LaunchScreen.xib */ = {
			isa = PBXVariantGroup;
			children = (
				8F4D782B1B78781200B25A6B /* Base */,
			);
			name = LaunchScreen.xib;
			sourceTree = "<group>";
		};
/* End PBXVariantGroup section */

/* Begin XCBuildConfiguration section */
		8F4D78391B78781200B25A6B /* Debug */ = {
			isa = XCBuildConfiguration;
			buildSettings = {
				ALWAYS_SEARCH_USER_PATHS = NO;
				CLANG_CXX_LANGUAGE_STANDARD = "gnu++0x";
				CLANG_CXX_LIBRARY = "libc++";
				CLANG_ENABLE_MODULES = YES;
				CLANG_ENABLE_OBJC_ARC = YES;
				CLANG_WARN_BOOL_CONVERSION = YES;
				CLANG_WARN_CONSTANT_CONVERSION = YES;
				CLANG_WARN_DIRECT_OBJC_ISA_USAGE = YES_ERROR;
				CLANG_WARN_EMPTY_BODY = YES;
				CLANG_WARN_ENUM_CONVERSION = YES;
				CLANG_WARN_INT_CONVERSION = YES;
				CLANG_WARN_OBJC_ROOT_CLASS = YES_ERROR;
				CLANG_WARN_UNREACHABLE_CODE = YES;
				CLANG_WARN__DUPLICATE_METHOD_MATCH = YES;
				"CODE_SIGN_IDENTITY[sdk=iphoneos*]" = "iPhone Developer";
				COPY_PHASE_STRIP = NO;
				DEBUG_INFORMATION_FORMAT = "dwarf-with-dsym";
				ENABLE_STRICT_OBJC_MSGSEND = YES;
				GCC_C_LANGUAGE_STANDARD = gnu99;
				GCC_DYNAMIC_NO_PIC = NO;
				GCC_NO_COMMON_BLOCKS = YES;
				GCC_OPTIMIZATION_LEVEL = 0;
				GCC_PREPROCESSOR_DEFINITIONS = (
					"DEBUG=1",
					"$(inherited)",
				);
				GCC_SYMBOLS_PRIVATE_EXTERN = NO;
				GCC_WARN_64_TO_32_BIT_CONVERSION = YES;
				GCC_WARN_ABOUT_RETURN_TYPE = YES_ERROR;
				GCC_WARN_UNDECLARED_SELECTOR = YES;
				GCC_WARN_UNINITIALIZED_AUTOS = YES_AGGRESSIVE;
				GCC_WARN_UNUSED_FUNCTION = YES;
				GCC_WARN_UNUSED_VARIABLE = YES;
				IPHONEOS_DEPLOYMENT_TARGET = 8.4;
				MTL_ENABLE_DEBUG_INFO = YES;
				ONLY_ACTIVE_ARCH = YES;
				SDKROOT = iphoneos;
			};
			name = Debug;
		};
		8F4D783A1B78781200B25A6B /* Release */ = {
			isa = XCBuildConfiguration;
			buildSettings = {
				ALWAYS_SEARCH_USER_PATHS = NO;
				CLANG_CXX_LANGUAGE_STANDARD = "gnu++0x";
				CLANG_CXX_LIBRARY = "libc++";
				CLANG_ENABLE_MODULES = YES;
				CLANG_ENABLE_OBJC_ARC = YES;
				CLANG_WARN_BOOL_CONVERSION = YES;
				CLANG_WARN_CONSTANT_CONVERSION = YES;
				CLANG_WARN_DIRECT_OBJC_ISA_USAGE = YES_ERROR;
				CLANG_WARN_EMPTY_BODY = YES;
				CLANG_WARN_ENUM_CONVERSION = YES;
				CLANG_WARN_INT_CONVERSION = YES;
				CLANG_WARN_OBJC_ROOT_CLASS = YES_ERROR;
				CLANG_WARN_UNREACHABLE_CODE = YES;
				CLANG_WARN__DUPLICATE_METHOD_MATCH = YES;
				"CODE_SIGN_IDENTITY[sdk=iphoneos*]" = "iPhone Developer";
				COPY_PHASE_STRIP = NO;
				DEBUG_INFORMATION_FORMAT = "dwarf-with-dsym";
				ENABLE_NS_ASSERTIONS = NO;
				ENABLE_STRICT_OBJC_MSGSEND = YES;
				GCC_C_LANGUAGE_STANDARD = gnu99;
				GCC_NO_COMMON_BLOCKS = YES;
				GCC_WARN_64_TO_32_BIT_CONVERSION = YES;
				GCC_WARN_ABOUT_RETURN_TYPE = YES_ERROR;
				GCC_WARN_UNDECLARED_SELECTOR = YES;
				GCC_WARN_UNINITIALIZED_AUTOS = YES_AGGRESSIVE;
				GCC_WARN_UNUSED_FUNCTION = YES;
				GCC_WARN_UNUSED_VARIABLE = YES;
				IPHONEOS_DEPLOYMENT_TARGET = 8.4;
				MTL_ENABLE_DEBUG_INFO = NO;
				SDKROOT = iphoneos;
				VALIDATE_PRODUCT = YES;
			};
			name = Release;
		};
		8F4D783C1B78781200B25A6B /* Debug */ = {
			isa = XCBuildConfiguration;
			buildSettings = {
				ASSETCATALOG_COMPILER_APPICON_NAME = AppIcon;
				CODE_SIGN_IDENTITY = "iPhone Developer";
				INFOPLIST_FILE = weather/Info.plist;
				LD_RUNPATH_SEARCH_PATHS = "$(inherited) @executable_path/Frameworks";
				PRODUCT_NAME = "$(TARGET_NAME)";
				PROVISIONING_PROFILE = "56562bcc-61c5-49b4-a33f-519ca54e3462";
			};
			name = Debug;
		};
		8F4D783D1B78781200B25A6B /* Release */ = {
			isa = XCBuildConfiguration;
			buildSettings = {
				ASSETCATALOG_COMPILER_APPICON_NAME = AppIcon;
				CODE_SIGN_IDENTITY = "iPhone Developer";
				INFOPLIST_FILE = weather/Info.plist;
				LD_RUNPATH_SEARCH_PATHS = "$(inherited) @executable_path/Frameworks";
				PRODUCT_NAME = "$(TARGET_NAME)";
				PROVISIONING_PROFILE = "56562bcc-61c5-49b4-a33f-519ca54e3462";
			};
			name = Release;
		};
		8F4D783F1B78781200B25A6B /* Debug */ = {
			isa = XCBuildConfiguration;
			buildSettings = {
				BUNDLE_LOADER = "$(TEST_HOST)";
				FRAMEWORK_SEARCH_PATHS = (
					"$(SDKROOT)/Developer/Library/Frameworks",
					"$(inherited)",
				);
				GCC_PREPROCESSOR_DEFINITIONS = (
					"DEBUG=1",
					"$(inherited)",
				);
				INFOPLIST_FILE = weatherTests/Info.plist;
				LD_RUNPATH_SEARCH_PATHS = "$(inherited) @executable_path/Frameworks @loader_path/Frameworks";
				PRODUCT_NAME = "$(TARGET_NAME)";
				TEST_HOST = "$(BUILT_PRODUCTS_DIR)/weather.app/weather";
			};
			name = Debug;
		};
		8F4D78401B78781200B25A6B /* Release */ = {
			isa = XCBuildConfiguration;
			buildSettings = {
				BUNDLE_LOADER = "$(TEST_HOST)";
				FRAMEWORK_SEARCH_PATHS = (
					"$(SDKROOT)/Developer/Library/Frameworks",
					"$(inherited)",
				);
				INFOPLIST_FILE = weatherTests/Info.plist;
				LD_RUNPATH_SEARCH_PATHS = "$(inherited) @executable_path/Frameworks @loader_path/Frameworks";
				PRODUCT_NAME = "$(TARGET_NAME)";
				TEST_HOST = "$(BUILT_PRODUCTS_DIR)/weather.app/weather";
			};
			name = Release;
		};
/* End XCBuildConfiguration section */

/* Begin XCConfigurationList section */
		8F4D78131B78781100B25A6B /* Build configuration list for PBXProject "weather" */ = {
			isa = XCConfigurationList;
			buildConfigurations = (
				8F4D78391B78781200B25A6B /* Debug */,
				8F4D783A1B78781200B25A6B /* Release */,
			);
			defaultConfigurationIsVisible = 0;
			defaultConfigurationName = Release;
		};
		8F4D783B1B78781200B25A6B /* Build configuration list for PBXNativeTarget "weather" */ = {
			isa = XCConfigurationList;
			buildConfigurations = (
				8F4D783C1B78781200B25A6B /* Debug */,
				8F4D783D1B78781200B25A6B /* Release */,
			);
			defaultConfigurationIsVisible = 0;
		};
		8F4D783E1B78781200B25A6B /* Build configuration list for PBXNativeTarget "weatherTests" */ = {
			isa = XCConfigurationList;
			buildConfigurations = (
				8F4D783F1B78781200B25A6B /* Debug */,
				8F4D78401B78781200B25A6B /* Release */,
			);
			defaultConfigurationIsVisible = 0;
		};
/* End XCConfigurationList section */
	};
	rootObject = 8F4D78101B78781100B25A6B /* Project object */;
}
